
Microsoft Visual Studio Solution File, Format Version 12.00
# Visual Studio Version 17
VisualStudioVersion = 17.11.35327.3
MinimumVisualStudioVersion = 10.0.40219.1
Project("{FAE04EC0-301F-11D3-BF4B-00C04F79EFBC}") = "AI-Campaigns-Project", "AI-Campaigns-Project\AI-Campaigns-Project.csproj", "{E358B3F8-DA81-4F3D-80F3-2276A6A47616}"
EndProject
Global
	GlobalSection(SolutionConfigurationPlatforms) = preSolution
		Debug|Any CPU = Debug|Any CPU
		Release|Any CPU = Release|Any CPU
	EndGlobalSection
	GlobalSection(ProjectConfigurationPlatforms) = postSolution
		{E358B3F8-DA81-4F3D-80F3-2276A6A47616}.Debug|Any CPU.ActiveCfg = Debug|Any CPU
		{E358B3F8-DA81-4F3D-80F3-2276A6A47616}.Debug|Any CPU.Build.0 = Debug|Any CPU
		{E358B3F8-DA81-4F3D-80F3-2276A6A47616}.Release|Any CPU.ActiveCfg = Release|Any CPU
		{E358B3F8-DA81-4F3D-80F3-2276A6A47616}.Release|Any CPU.Build.0 = Release|Any CPU
	EndGlobalSection
	GlobalSection(SolutionProperties) = preSolution
		HideSolutionNode = FALSE
	EndGlobalSection
	GlobalSection(ExtensibilityGlobals) = postSolution
		SolutionGuid = {3F61277D-A821-46F9-9DF8-F84EA9C2C29B}
	EndGlobalSection
EndGlobal
